
Microsoft Visual Studio Solution File, Format Version 12.00
# Visual Studio Version 16
VisualStudioVersion = 16.0.30517.126
MinimumVisualStudioVersion = 10.0.40219.1
Project("{9A19103F-16F7-4668-BE54-9A1E7A4F7556}") = "AzureDevOpsTools.Presentation", "AzureDevOpsTools.Presentation\AzureDevOpsTools.Presentation.csproj", "{D44E2F75-D55D-4771-A676-5CCDB9951ED3}"
EndProject
Project("{2150E333-8FDC-42A3-9474-1A3956D46DE8}") = "Solution Items", "Solution Items", "{F1941539-AFC4-493F-9BD6-2C88D5A1ECC0}"
	ProjectSection(SolutionItems) = preProject
		.editorconfig = .editorconfig
	EndProjectSection
EndProject
Project("{FAE04EC0-301F-11D3-BF4B-00C04F79EFBC}") = "AzureDevOpsTools.Application", "AzureDevOpsTools.Application\AzureDevOpsTools.Application.csproj", "{5F6D41D6-AEC0-4CFC-A338-5C90CC69EE1D}"
EndProject
Project("{FAE04EC0-301F-11D3-BF4B-00C04F79EFBC}") = "AzureDevOpsTools.Framework", "AzureDevOpsTools.Framework\AzureDevOpsTools.Framework.csproj", "{35FEE8E6-B52D-4D1F-A445-F8B09088F344}"
EndProject
Project("{FAE04EC0-301F-11D3-BF4B-00C04F79EFBC}") = "AzureDevOpsTools.Service", "AzureDevOpsTools.Service\AzureDevOpsTools.Service.csproj", "{B5C85B3F-68C4-4319-9F91-317A15DDC78D}"
EndProject
Project("{FAE04EC0-301F-11D3-BF4B-00C04F79EFBC}") = "AzureDevOpsTools.Model", "AzureDevOpsTools.Model\AzureDevOpsTools.Model.csproj", "{ADF984A0-4B9D-4EF5-A206-63DC3EF0AFEA}"
EndProject
Global
	GlobalSection(SolutionConfigurationPlatforms) = preSolution
		Debug|Any CPU = Debug|Any CPU
		Release|Any CPU = Release|Any CPU
	EndGlobalSection
	GlobalSection(ProjectConfigurationPlatforms) = postSolution
		{D44E2F75-D55D-4771-A676-5CCDB9951ED3}.Debug|Any CPU.ActiveCfg = Debug|Any CPU
		{D44E2F75-D55D-4771-A676-5CCDB9951ED3}.Debug|Any CPU.Build.0 = Debug|Any CPU
		{D44E2F75-D55D-4771-A676-5CCDB9951ED3}.Release|Any CPU.ActiveCfg = Release|Any CPU
		{D44E2F75-D55D-4771-A676-5CCDB9951ED3}.Release|Any CPU.Build.0 = Release|Any CPU
		{5F6D41D6-AEC0-4CFC-A338-5C90CC69EE1D}.Debug|Any CPU.ActiveCfg = Debug|Any CPU
		{5F6D41D6-AEC0-4CFC-A338-5C90CC69EE1D}.Debug|Any CPU.Build.0 = Debug|Any CPU
		{5F6D41D6-AEC0-4CFC-A338-5C90CC69EE1D}.Release|Any CPU.ActiveCfg = Release|Any CPU
		{5F6D41D6-AEC0-4CFC-A338-5C90CC69EE1D}.Release|Any CPU.Build.0 = Release|Any CPU
		{35FEE8E6-B52D-4D1F-A445-F8B09088F344}.Debug|Any CPU.ActiveCfg = Debug|Any CPU
		{35FEE8E6-B52D-4D1F-A445-F8B09088F344}.Debug|Any CPU.Build.0 = Debug|Any CPU
		{35FEE8E6-B52D-4D1F-A445-F8B09088F344}.Release|Any CPU.ActiveCfg = Release|Any CPU
		{35FEE8E6-B52D-4D1F-A445-F8B09088F344}.Release|Any CPU.Build.0 = Release|Any CPU
		{B5C85B3F-68C4-4319-9F91-317A15DDC78D}.Debug|Any CPU.ActiveCfg = Debug|Any CPU
		{B5C85B3F-68C4-4319-9F91-317A15DDC78D}.Debug|Any CPU.Build.0 = Debug|Any CPU
		{B5C85B3F-68C4-4319-9F91-317A15DDC78D}.Release|Any CPU.ActiveCfg = Release|Any CPU
		{B5C85B3F-68C4-4319-9F91-317A15DDC78D}.Release|Any CPU.Build.0 = Release|Any CPU
		{ADF984A0-4B9D-4EF5-A206-63DC3EF0AFEA}.Debug|Any CPU.ActiveCfg = Debug|Any CPU
		{ADF984A0-4B9D-4EF5-A206-63DC3EF0AFEA}.Debug|Any CPU.Build.0 = Debug|Any CPU
		{ADF984A0-4B9D-4EF5-A206-63DC3EF0AFEA}.Release|Any CPU.ActiveCfg = Release|Any CPU
		{ADF984A0-4B9D-4EF5-A206-63DC3EF0AFEA}.Release|Any CPU.Build.0 = Release|Any CPU
	EndGlobalSection
	GlobalSection(SolutionProperties) = preSolution
		HideSolutionNode = FALSE
	EndGlobalSection
	GlobalSection(ExtensibilityGlobals) = postSolution
		SolutionGuid = {E1C22FBA-DD4E-4EAB-A7DB-CCD16E3FA0DB}
	EndGlobalSection
EndGlobal
