Microsoft Visual Studio Solution File, Format Version 12.00
# Visual Studio Version 16
VisualStudioVersion = 16.0.30517.126
MinimumVisualStudioVersion = 10.0.40219.1
Project("{9A19103F-16F7-4668-BE54-9A1E7A4F7556}") = "AzureDevOpsTools.Presentation", "AzureDevOpsTools.Presentation\AzureDevOpsTools.Presentation.csproj", "{D44E2F75-D55D-4771-A676-5CCDB9951ED3}"
EndProject
Project("{2150E333-8FDC-42A3-9474-1A3956D46DE8}") = "Solution Items", "Solution Items", "{F1941539-AFC4-493F-9BD6-2C88D5A1ECC0}"
	ProjectSection(SolutionItems) = preProject
		.editorconfig = .editorconfig
		..\build\AllRulesEnabled.ruleset = ..\build\AllRulesEnabled.ruleset
		back.editorconfig = back.editorconfig
		Directory.Build.props = Directory.Build.props
	EndProjectSection
EndProject
Project("{9A19103F-16F7-4668-BE54-9A1E7A4F7556}") = "AzureDevOpsTools.Application", "AzureDevOpsTools.Application\AzureDevOpsTools.Application.csproj", "{5F6D41D6-AEC0-4CFC-A338-5C90CC69EE1D}"
EndProject
Project("{9A19103F-16F7-4668-BE54-9A1E7A4F7556}") = "AzureDevOpsTools.Framework", "AzureDevOpsTools.Framework\AzureDevOpsTools.Framework.csproj", "{35FEE8E6-B52D-4D1F-A445-F8B09088F344}"
EndProject
Project("{9A19103F-16F7-4668-BE54-9A1E7A4F7556}") = "AzureDevOpsTools.Service", "AzureDevOpsTools.Service\AzureDevOpsTools.Service.csproj", "{B5C85B3F-68C4-4319-9F91-317A15DDC78D}"
EndProject
Project("{9A19103F-16F7-4668-BE54-9A1E7A4F7556}") = "AzureDevOpsTools.Model", "AzureDevOpsTools.Model\AzureDevOpsTools.Model.csproj", "{ADF984A0-4B9D-4EF5-A206-63DC3EF0AFEA}"
EndProject
Project("{9A19103F-16F7-4668-BE54-9A1E7A4F7556}") = "AzureDevOpsTools.Application.Tests", "AzureDevOpsTools.Application.Tests\AzureDevOpsTools.Application.Tests.csproj", "{FDA73982-6983-420D-967A-F1FCC777B336}"
EndProject
Project("{9A19103F-16F7-4668-BE54-9A1E7A4F7556}") = "AzureDevOpsTools.Framework.Tests", "AzureDevOpsTools.Framework.Tests\AzureDevOpsTools.Framework.Tests.csproj", "{EF6DDD09-E98A-40B3-84D2-8C5463CC54B8}"
EndProject
Project("{9A19103F-16F7-4668-BE54-9A1E7A4F7556}") = "AzureDevOpsTools.Model.Tests", "AzureDevOpsTools.Model.Tests\AzureDevOpsTools.Model.Tests.csproj", "{6A4A5882-F892-4EF3-BCA6-E5520515935B}"
EndProject
Project("{9A19103F-16F7-4668-BE54-9A1E7A4F7556}") = "AzureDevOpsTools.Presentation.Tests", "AzureDevOpsTools.Presentation.Tests\AzureDevOpsTools.Presentation.Tests.csproj", "{8A6F056F-D17C-4BF2-9649-7F29232252C0}"
EndProject
Project("{9A19103F-16F7-4668-BE54-9A1E7A4F7556}") = "AzureDevOpsTools.Service.Tests", "AzureDevOpsTools.Service.Tests\AzureDevOpsTools.Service.Tests.csproj", "{9A0382F9-D7F1-4C70-B6E2-E96A110CA5E6}"
EndProject
Project("{9A19103F-16F7-4668-BE54-9A1E7A4F7556}") = "AzureDevOpsTools.Extensions", "AzureDevOpsTools.Extensions\AzureDevOpsTools.Extensions.csproj", "{055028D2-C70A-4C24-B44B-D4EF43C8D218}"
EndProject
Project("{2150E333-8FDC-42A3-9474-1A3956D46DE8}") = "Unit Tests", "Unit Tests", "{A55020D6-58E1-455D-9F86-95FEB95DC0EA}"
EndProject
Project("{9A19103F-16F7-4668-BE54-9A1E7A4F7556}") = "AzureDevOpsTools.Extensions.Tests", "AzureDevOpsTools.Extensions.Tests\AzureDevOpsTools.Extensions.Tests.csproj", "{A68FCDAC-8C5E-48F1-BDBD-E73E6327F2D9}"
EndProject
Project("{FAE04EC0-301F-11D3-BF4B-00C04F79EFBC}") = "AzureDevOpsTools.UnitTest.Framework", "AzureDevOpsTools.UnitTest.Framework\AzureDevOpsTools.UnitTest.Framework.csproj", "{53542C9A-DA37-4E51-8C49-AD7187C10CF9}"
EndProject
Global
	GlobalSection(SolutionConfigurationPlatforms) = preSolution
		Debug|Any CPU = Debug|Any CPU
		Release|Any CPU = Release|Any CPU
	EndGlobalSection
	GlobalSection(ProjectConfigurationPlatforms) = postSolution
		{D44E2F75-D55D-4771-A676-5CCDB9951ED3}.Debug|Any CPU.ActiveCfg = Debug|Any CPU
		{D44E2F75-D55D-4771-A676-5CCDB9951ED3}.Debug|Any CPU.Build.0 = Debug|Any CPU
		{D44E2F75-D55D-4771-A676-5CCDB9951ED3}.Release|Any CPU.ActiveCfg = Release|Any CPU
		{D44E2F75-D55D-4771-A676-5CCDB9951ED3}.Release|Any CPU.Build.0 = Release|Any CPU
		{5F6D41D6-AEC0-4CFC-A338-5C90CC69EE1D}.Debug|Any CPU.ActiveCfg = Debug|Any CPU
		{5F6D41D6-AEC0-4CFC-A338-5C90CC69EE1D}.Debug|Any CPU.Build.0 = Debug|Any CPU
		{5F6D41D6-AEC0-4CFC-A338-5C90CC69EE1D}.Release|Any CPU.ActiveCfg = Release|Any CPU
		{5F6D41D6-AEC0-4CFC-A338-5C90CC69EE1D}.Release|Any CPU.Build.0 = Release|Any CPU
		{35FEE8E6-B52D-4D1F-A445-F8B09088F344}.Debug|Any CPU.ActiveCfg = Debug|Any CPU
		{35FEE8E6-B52D-4D1F-A445-F8B09088F344}.Debug|Any CPU.Build.0 = Debug|Any CPU
		{35FEE8E6-B52D-4D1F-A445-F8B09088F344}.Release|Any CPU.ActiveCfg = Release|Any CPU
		{35FEE8E6-B52D-4D1F-A445-F8B09088F344}.Release|Any CPU.Build.0 = Release|Any CPU
		{B5C85B3F-68C4-4319-9F91-317A15DDC78D}.Debug|Any CPU.ActiveCfg = Debug|Any CPU
		{B5C85B3F-68C4-4319-9F91-317A15DDC78D}.Debug|Any CPU.Build.0 = Debug|Any CPU
		{B5C85B3F-68C4-4319-9F91-317A15DDC78D}.Release|Any CPU.ActiveCfg = Release|Any CPU
		{B5C85B3F-68C4-4319-9F91-317A15DDC78D}.Release|Any CPU.Build.0 = Release|Any CPU
		{ADF984A0-4B9D-4EF5-A206-63DC3EF0AFEA}.Debug|Any CPU.ActiveCfg = Debug|Any CPU
		{ADF984A0-4B9D-4EF5-A206-63DC3EF0AFEA}.Debug|Any CPU.Build.0 = Debug|Any CPU
		{ADF984A0-4B9D-4EF5-A206-63DC3EF0AFEA}.Release|Any CPU.ActiveCfg = Release|Any CPU
		{ADF984A0-4B9D-4EF5-A206-63DC3EF0AFEA}.Release|Any CPU.Build.0 = Release|Any CPU
		{FDA73982-6983-420D-967A-F1FCC777B336}.Debug|Any CPU.ActiveCfg = Debug|Any CPU
		{FDA73982-6983-420D-967A-F1FCC777B336}.Debug|Any CPU.Build.0 = Debug|Any CPU
		{FDA73982-6983-420D-967A-F1FCC777B336}.Release|Any CPU.ActiveCfg = Release|Any CPU
		{FDA73982-6983-420D-967A-F1FCC777B336}.Release|Any CPU.Build.0 = Release|Any CPU
		{EF6DDD09-E98A-40B3-84D2-8C5463CC54B8}.Debug|Any CPU.ActiveCfg = Debug|Any CPU
		{EF6DDD09-E98A-40B3-84D2-8C5463CC54B8}.Debug|Any CPU.Build.0 = Debug|Any CPU
		{EF6DDD09-E98A-40B3-84D2-8C5463CC54B8}.Release|Any CPU.ActiveCfg = Release|Any CPU
		{EF6DDD09-E98A-40B3-84D2-8C5463CC54B8}.Release|Any CPU.Build.0 = Release|Any CPU
		{6A4A5882-F892-4EF3-BCA6-E5520515935B}.Debug|Any CPU.ActiveCfg = Debug|Any CPU
		{6A4A5882-F892-4EF3-BCA6-E5520515935B}.Debug|Any CPU.Build.0 = Debug|Any CPU
		{6A4A5882-F892-4EF3-BCA6-E5520515935B}.Release|Any CPU.ActiveCfg = Release|Any CPU
		{6A4A5882-F892-4EF3-BCA6-E5520515935B}.Release|Any CPU.Build.0 = Release|Any CPU
		{8A6F056F-D17C-4BF2-9649-7F29232252C0}.Debug|Any CPU.ActiveCfg = Debug|Any CPU
		{8A6F056F-D17C-4BF2-9649-7F29232252C0}.Debug|Any CPU.Build.0 = Debug|Any CPU
		{8A6F056F-D17C-4BF2-9649-7F29232252C0}.Release|Any CPU.ActiveCfg = Release|Any CPU
		{8A6F056F-D17C-4BF2-9649-7F29232252C0}.Release|Any CPU.Build.0 = Release|Any CPU
		{9A0382F9-D7F1-4C70-B6E2-E96A110CA5E6}.Debug|Any CPU.ActiveCfg = Debug|Any CPU
		{9A0382F9-D7F1-4C70-B6E2-E96A110CA5E6}.Debug|Any CPU.Build.0 = Debug|Any CPU
		{9A0382F9-D7F1-4C70-B6E2-E96A110CA5E6}.Release|Any CPU.ActiveCfg = Release|Any CPU
		{9A0382F9-D7F1-4C70-B6E2-E96A110CA5E6}.Release|Any CPU.Build.0 = Release|Any CPU
		{055028D2-C70A-4C24-B44B-D4EF43C8D218}.Debug|Any CPU.ActiveCfg = Debug|Any CPU
		{055028D2-C70A-4C24-B44B-D4EF43C8D218}.Debug|Any CPU.Build.0 = Debug|Any CPU
		{055028D2-C70A-4C24-B44B-D4EF43C8D218}.Release|Any CPU.ActiveCfg = Release|Any CPU
		{055028D2-C70A-4C24-B44B-D4EF43C8D218}.Release|Any CPU.Build.0 = Release|Any CPU
		{A68FCDAC-8C5E-48F1-BDBD-E73E6327F2D9}.Debug|Any CPU.ActiveCfg = Debug|Any CPU
		{A68FCDAC-8C5E-48F1-BDBD-E73E6327F2D9}.Debug|Any CPU.Build.0 = Debug|Any CPU
		{A68FCDAC-8C5E-48F1-BDBD-E73E6327F2D9}.Release|Any CPU.ActiveCfg = Release|Any CPU
		{A68FCDAC-8C5E-48F1-BDBD-E73E6327F2D9}.Release|Any CPU.Build.0 = Release|Any CPU
		{53542C9A-DA37-4E51-8C49-AD7187C10CF9}.Debug|Any CPU.ActiveCfg = Debug|Any CPU
		{53542C9A-DA37-4E51-8C49-AD7187C10CF9}.Debug|Any CPU.Build.0 = Debug|Any CPU
		{53542C9A-DA37-4E51-8C49-AD7187C10CF9}.Release|Any CPU.ActiveCfg = Release|Any CPU
		{53542C9A-DA37-4E51-8C49-AD7187C10CF9}.Release|Any CPU.Build.0 = Release|Any CPU
	EndGlobalSection
	GlobalSection(SolutionProperties) = preSolution
		HideSolutionNode = FALSE
	EndGlobalSection
	GlobalSection(NestedProjects) = preSolution
		{FDA73982-6983-420D-967A-F1FCC777B336} = {A55020D6-58E1-455D-9F86-95FEB95DC0EA}
		{EF6DDD09-E98A-40B3-84D2-8C5463CC54B8} = {A55020D6-58E1-455D-9F86-95FEB95DC0EA}
		{6A4A5882-F892-4EF3-BCA6-E5520515935B} = {A55020D6-58E1-455D-9F86-95FEB95DC0EA}
		{8A6F056F-D17C-4BF2-9649-7F29232252C0} = {A55020D6-58E1-455D-9F86-95FEB95DC0EA}
		{9A0382F9-D7F1-4C70-B6E2-E96A110CA5E6} = {A55020D6-58E1-455D-9F86-95FEB95DC0EA}
		{A68FCDAC-8C5E-48F1-BDBD-E73E6327F2D9} = {A55020D6-58E1-455D-9F86-95FEB95DC0EA}
		{53542C9A-DA37-4E51-8C49-AD7187C10CF9} = {A55020D6-58E1-455D-9F86-95FEB95DC0EA}
	EndGlobalSection
	GlobalSection(ExtensibilityGlobals) = postSolution
		SolutionGuid = {E1C22FBA-DD4E-4EAB-A7DB-CCD16E3FA0DB}
	EndGlobalSection
EndGlobal
